// !$*UTF8*$!
{
	archiveVersion = 1;
	classes = {
	};
	objectVersion = 46;
	objects = {

/* Begin PBXBuildFile section */
		4A26B1D01EC01787001DD5AB /* AppDelegate.swift in Sources */ = {isa = PBXBuildFile; fileRef = 4A26B1CF1EC01787001DD5AB /* AppDelegate.swift */; };
		4A26B1D21EC01787001DD5AB /* ViewController.swift in Sources */ = {isa = PBXBuildFile; fileRef = 4A26B1D11EC01787001DD5AB /* ViewController.swift */; };
		4A26B1D51EC01787001DD5AB /* Main.storyboard in Resources */ = {isa = PBXBuildFile; fileRef = 4A26B1D31EC01787001DD5AB /* Main.storyboard */; };
		4A26B1D71EC01787001DD5AB /* Assets.xcassets in Resources */ = {isa = PBXBuildFile; fileRef = 4A26B1D61EC01787001DD5AB /* Assets.xcassets */; };
		4A26B1DA1EC01787001DD5AB /* LaunchScreen.storyboard in Resources */ = {isa = PBXBuildFile; fileRef = 4A26B1D81EC01787001DD5AB /* LaunchScreen.storyboard */; };
		4A26B1E21EC017CE001DD5AB /* AnimatableLabel.swift in Sources */ = {isa = PBXBuildFile; fileRef = 4A26B1E11EC017CE001DD5AB /* AnimatableLabel.swift */; };
/* End PBXBuildFile section */

/* Begin PBXFileReference section */
		4A26B1CC1EC01786001DD5AB /* CustomAnimatableLayerProperty.app */ = {isa = PBXFileReference; explicitFileType = wrapper.application; includeInIndex = 0; path = CustomAnimatableLayerProperty.app; sourceTree = BUILT_PRODUCTS_DIR; };
		4A26B1CF1EC01787001DD5AB /* AppDelegate.swift */ = {isa = PBXFileReference; lastKnownFileType = sourcecode.swift; path = AppDelegate.swift; sourceTree = "<group>"; };
		4A26B1D11EC01787001DD5AB /* ViewController.swift */ = {isa = PBXFileReference; lastKnownFileType = sourcecode.swift; path = ViewController.swift; sourceTree = "<group>"; };
		4A26B1D41EC01787001DD5AB /* Base */ = {isa = PBXFileReference; lastKnownFileType = file.storyboard; name = Base; path = Base.lproj/Main.storyboard; sourceTree = "<group>"; };
		4A26B1D61EC01787001DD5AB /* Assets.xcassets */ = {isa = PBXFileReference; lastKnownFileType = folder.assetcatalog; path = Assets.xcassets; sourceTree = "<group>"; };
		4A26B1D91EC01787001DD5AB /* Base */ = {isa = PBXFileReference; lastKnownFileType = file.storyboard; name = Base; path = Base.lproj/LaunchScreen.storyboard; sourceTree = "<group>"; };
		4A26B1DB1EC01787001DD5AB /* Info.plist */ = {isa = PBXFileReference; lastKnownFileType = text.plist.xml; path = Info.plist; sourceTree = "<group>"; };
		4A26B1E11EC017CE001DD5AB /* AnimatableLabel.swift */ = {isa = PBXFileReference; fileEncoding = 4; lastKnownFileType = sourcecode.swift; path = AnimatableLabel.swift; sourceTree = "<group>"; };
/* End PBXFileReference section */

/* Begin PBXFrameworksBuildPhase section */
		4A26B1C91EC01786001DD5AB /* Frameworks */ = {
			isa = PBXFrameworksBuildPhase;
			buildActionMask = 2147483647;
			files = (
			);
			runOnlyForDeploymentPostprocessing = 0;
		};
/* End PBXFrameworksBuildPhase section */

/* Begin PBXGroup section */
		4A26B1C31EC01786001DD5AB = {
			isa = PBXGroup;
			children = (
				4A26B1CE1EC01786001DD5AB /* CustomAnimatableLayerProperty */,
				4A26B1CD1EC01786001DD5AB /* Products */,
			);
			sourceTree = "<group>";
		};
		4A26B1CD1EC01786001DD5AB /* Products */ = {
			isa = PBXGroup;
			children = (
				4A26B1CC1EC01786001DD5AB /* CustomAnimatableLayerProperty.app */,
			);
			name = Products;
			sourceTree = "<group>";
		};
		4A26B1CE1EC01786001DD5AB /* CustomAnimatableLayerProperty */ = {
			isa = PBXGroup;
			children = (
				4A26B1CF1EC01787001DD5AB /* AppDelegate.swift */,
				4A26B1D11EC01787001DD5AB /* ViewController.swift */,
				4A26B1E11EC017CE001DD5AB /* AnimatableLabel.swift */,
				4A26B1D31EC01787001DD5AB /* Main.storyboard */,
				4A26B1D61EC01787001DD5AB /* Assets.xcassets */,
				4A26B1D81EC01787001DD5AB /* LaunchScreen.storyboard */,
				4A26B1DB1EC01787001DD5AB /* Info.plist */,
			);
			path = CustomAnimatableLayerProperty;
			sourceTree = "<group>";
		};
/* End PBXGroup section */

/* Begin PBXNativeTarget section */
		4A26B1CB1EC01786001DD5AB /* CustomAnimatableLayerProperty */ = {
			isa = PBXNativeTarget;
			buildConfigurationList = 4A26B1DE1EC01787001DD5AB /* Build configuration list for PBXNativeTarget "CustomAnimatableLayerProperty" */;
			buildPhases = (
				4A26B1C81EC01786001DD5AB /* Sources */,
				4A26B1C91EC01786001DD5AB /* Frameworks */,
				4A26B1CA1EC01786001DD5AB /* Resources */,
			);
			buildRules = (
			);
			dependencies = (
			);
			name = CustomAnimatableLayerProperty;
			productName = CustomAnimatableLayerProperty;
			productReference = 4A26B1CC1EC01786001DD5AB /* CustomAnimatableLayerProperty.app */;
			productType = "com.apple.product-type.application";
		};
/* End PBXNativeTarget section */

/* Begin PBXProject section */
		4A26B1C41EC01786001DD5AB /* Project object */ = {
			isa = PBXProject;
			attributes = {
				LastSwiftUpdateCheck = 0830;
				LastUpgradeCheck = 0830;
				ORGANIZATIONNAME = Wang;
				TargetAttributes = {
					4A26B1CB1EC01786001DD5AB = {
						CreatedOnToolsVersion = 8.3.2;
						DevelopmentTeam = 9EF7268BM7;
						ProvisioningStyle = Automatic;
					};
				};
			};
			buildConfigurationList = 4A26B1C71EC01786001DD5AB /* Build configuration list for PBXProject "CustomAnimatableLayerProperty" */;
			compatibilityVersion = "Xcode 3.2";
			developmentRegion = English;
			hasScannedForEncodings = 0;
			knownRegions = (
				en,
				Base,
			);
			mainGroup = 4A26B1C31EC01786001DD5AB;
			productRefGroup = 4A26B1CD1EC01786001DD5AB /* Products */;
			projectDirPath = "";
			projectRoot = "";
			targets = (
				4A26B1CB1EC01786001DD5AB /* CustomAnimatableLayerProperty */,
			);
		};
/* End PBXProject section */

/* Begin PBXResourcesBuildPhase section */
		4A26B1CA1EC01786001DD5AB /* Resources */ = {
			isa = PBXResourcesBuildPhase;
			buildActionMask = 2147483647;
			files = (
				4A26B1DA1EC01787001DD5AB /* LaunchScreen.storyboard in Resources */,
				4A26B1D71EC01787001DD5AB /* Assets.xcassets in Resources */,
				4A26B1D51EC01787001DD5AB /* Main.storyboard in Resources */,
			);
			runOnlyForDeploymentPostprocessing = 0;
		};
/* End PBXResourcesBuildPhase section */

/* Begin PBXSourcesBuildPhase section */
		4A26B1C81EC01786001DD5AB /* Sources */ = {
			isa = PBXSourcesBuildPhase;
			buildActionMask = 2147483647;
			files = (
				4A26B1D21EC01787001DD5AB /* ViewController.swift in Sources */,
				4A26B1D01EC01787001DD5AB /* AppDelegate.swift in Sources */,
				4A26B1E21EC017CE001DD5AB /* AnimatableLabel.swift in Sources */,
			);
			runOnlyForDeploymentPostprocessing = 0;
		};
/* End PBXSourcesBuildPhase section */

/* Begin PBXVariantGroup section */
		4A26B1D31EC01787001DD5AB /* Main.storyboard */ = {
			isa = PBXVariantGroup;
			children = (
				4A26B1D41EC01787001DD5AB /* Base */,
			);
			name = Main.storyboard;
			sourceTree = "<group>";
		};
		4A26B1D81EC01787001DD5AB /* LaunchScreen.storyboard */ = {
			isa = PBXVariantGroup;
			children = (
				4A26B1D91EC01787001DD5AB /* Base */,
			);
			name = LaunchScreen.storyboard;
			sourceTree = "<group>";
		};
/* End PBXVariantGroup section */

/* Begin XCBuildConfiguration section */
		4A26B1DC1EC01787001DD5AB /* Debug */ = {
			isa = XCBuildConfiguration;
			buildSettings = {
				ALWAYS_SEARCH_USER_PATHS = NO;
				CLANG_ANALYZER_NONNULL = YES;
				CLANG_ANALYZER_NUMBER_OBJECT_CONVERSION = YES_AGGRESSIVE;
				CLANG_CXX_LANGUAGE_STANDARD = "gnu++0x";
				CLANG_CXX_LIBRARY = "libc++";
				CLANG_ENABLE_MODULES = YES;
				CLANG_ENABLE_OBJC_ARC = YES;
				CLANG_WARN_BOOL_CONVERSION = YES;
				CLANG_WARN_CONSTANT_CONVERSION = YES;
				CLANG_WARN_DIRECT_OBJC_ISA_USAGE = YES_ERROR;
				CLANG_WARN_DOCUMENTATION_COMMENTS = YES;
				CLANG_WARN_EMPTY_BODY = YES;
				CLANG_WARN_ENUM_CONVERSION = YES;
				CLANG_WARN_INFINITE_RECURSION = YES;
				CLANG_WARN_INT_CONVERSION = YES;
				CLANG_WARN_OBJC_ROOT_CLASS = YES_ERROR;
				CLANG_WARN_SUSPICIOUS_MOVE = YES;
				CLANG_WARN_UNREACHABLE_CODE = YES;
				CLANG_WARN__DUPLICATE_METHOD_MATCH = YES;
				"CODE_SIGN_IDENTITY[sdk=iphoneos*]" = "iPhone Developer";
				COPY_PHASE_STRIP = NO;
				DEBUG_INFORMATION_FORMAT = dwarf;
				ENABLE_STRICT_OBJC_MSGSEND = YES;
				ENABLE_TESTABILITY = YES;
				GCC_C_LANGUAGE_STANDARD = gnu99;
				GCC_DYNAMIC_NO_PIC = NO;
				GCC_NO_COMMON_BLOCKS = YES;
				GCC_OPTIMIZATION_LEVEL = 0;
				GCC_PREPROCESSOR_DEFINITIONS = (
					"DEBUG=1",
					"$(inherited)",
				);
				GCC_WARN_64_TO_32_BIT_CONVERSION = YES;
				GCC_WARN_ABOUT_RETURN_TYPE = YES_ERROR;
				GCC_WARN_UNDECLARED_SELECTOR = YES;
				GCC_WARN_UNINITIALIZED_AUTOS = YES_AGGRESSIVE;
				GCC_WARN_UNUSED_FUNCTION = YES;
				GCC_WARN_UNUSED_VARIABLE = YES;
				IPHONEOS_DEPLOYMENT_TARGET = 10.3;
				MTL_ENABLE_DEBUG_INFO = YES;
				ONLY_ACTIVE_ARCH = YES;
				SDKROOT = iphoneos;
				SWIFT_ACTIVE_COMPILATION_CONDITIONS = DEBUG;
				SWIFT_OPTIMIZATION_LEVEL = "-Onone";
				TARGETED_DEVICE_FAMILY = "1,2";
			};
			name = Debug;
		};
		4A26B1DD1EC01787001DD5AB /* Release */ = {
			isa = XCBuildConfiguration;
			buildSettings = {
				ALWAYS_SEARCH_USER_PATHS = NO;
				CLANG_ANALYZER_NONNULL = YES;
				CLANG_ANALYZER_NUMBER_OBJECT_CONVERSION = YES_AGGRESSIVE;
				CLANG_CXX_LANGUAGE_STANDARD = "gnu++0x";
				CLANG_CXX_LIBRARY = "libc++";
				CLANG_ENABLE_MODULES = YES;
				CLANG_ENABLE_OBJC_ARC = YES;
				CLANG_WARN_BOOL_CONVERSION = YES;
				CLANG_WARN_CONSTANT_CONVERSION = YES;
				CLANG_WARN_DIRECT_OBJC_ISA_USAGE = YES_ERROR;
				CLANG_WARN_DOCUMENTATION_COMMENTS = YES;
				CLANG_WARN_EMPTY_BODY = YES;
				CLANG_WARN_ENUM_CONVERSION = YES;
				CLANG_WARN_INFINITE_RECURSION = YES;
				CLANG_WARN_INT_CONVERSION = YES;
				CLANG_WARN_OBJC_ROOT_CLASS = YES_ERROR;
				CLANG_WARN_SUSPICIOUS_MOVE = YES;
				CLANG_WARN_UNREACHABLE_CODE = YES;
				CLANG_WARN__DUPLICATE_METHOD_MATCH = YES;
				"CODE_SIGN_IDENTITY[sdk=iphoneos*]" = "iPhone Developer";
				COPY_PHASE_STRIP = NO;
				DEBUG_INFORMATION_FORMAT = "dwarf-with-dsym";
				ENABLE_NS_ASSERTIONS = NO;
				ENABLE_STRICT_OBJC_MSGSEND = YES;
				GCC_C_LANGUAGE_STANDARD = gnu99;
				GCC_NO_COMMON_BLOCKS = YES;
				GCC_WARN_64_TO_32_BIT_CONVERSION = YES;
				GCC_WARN_ABOUT_RETURN_TYPE = YES_ERROR;
				GCC_WARN_UNDECLARED_SELECTOR = YES;
				GCC_WARN_UNINITIALIZED_AUTOS = YES_AGGRESSIVE;
				GCC_WARN_UNUSED_FUNCTION = YES;
				GCC_WARN_UNUSED_VARIABLE = YES;
				IPHONEOS_DEPLOYMENT_TARGET = 10.3;
				MTL_ENABLE_DEBUG_INFO = NO;
				SDKROOT = iphoneos;
				SWIFT_OPTIMIZATION_LEVEL = "-Owholemodule";
				TARGETED_DEVICE_FAMILY = "1,2";
				VALIDATE_PRODUCT = YES;
			};
			name = Release;
		};
		4A26B1DF1EC01787001DD5AB /* Debug */ = {
			isa = XCBuildConfiguration;
			buildSettings = {
				ASSETCATALOG_COMPILER_APPICON_NAME = AppIcon;
				DEVELOPMENT_TEAM = 9EF7268BM7;
				INFOPLIST_FILE = CustomAnimatableLayerProperty/Info.plist;
				LD_RUNPATH_SEARCH_PATHS = "$(inherited) @executable_path/Frameworks";
				PRODUCT_BUNDLE_IDENTIFIER = com.wangwei.CustomAnimatableLayerProperty;
				PRODUCT_NAME = "$(TARGET_NAME)";
				SWIFT_VERSION = 3.0;
			};
			name = Debug;
		};
		4A26B1E01EC01787001DD5AB /* Release */ = {
			isa = XCBuildConfiguration;
			buildSettings = {
				ASSETCATALOG_COMPILER_APPICON_NAME = AppIcon;
				DEVELOPMENT_TEAM = 9EF7268BM7;
				INFOPLIST_FILE = CustomAnimatableLayerProperty/Info.plist;
				LD_RUNPATH_SEARCH_PATHS = "$(inherited) @executable_path/Frameworks";
				PRODUCT_BUNDLE_IDENTIFIER = com.wangwei.CustomAnimatableLayerProperty;
				PRODUCT_NAME = "$(TARGET_NAME)";
				SWIFT_VERSION = 3.0;
			};
			name = Release;
		};
/* End XCBuildConfiguration section */

/* Begin XCConfigurationList section */
		4A26B1C71EC01786001DD5AB /* Build configuration list for PBXProject "CustomAnimatableLayerProperty" */ = {
			isa = XCConfigurationList;
			buildConfigurations = (
				4A26B1DC1EC01787001DD5AB /* Debug */,
				4A26B1DD1EC01787001DD5AB /* Release */,
			);
			defaultConfigurationIsVisible = 0;
			defaultConfigurationName = Release;
		};
		4A26B1DE1EC01787001DD5AB /* Build configuration list for PBXNativeTarget "CustomAnimatableLayerProperty" */ = {
			isa = XCConfigurationList;
			buildConfigurations = (
				4A26B1DF1EC01787001DD5AB /* Debug */,
				4A26B1E01EC01787001DD5AB /* Release */,
			);
			defaultConfigurationIsVisible = 0;
		};
/* End XCConfigurationList section */
	};
	rootObject = 4A26B1C41EC01786001DD5AB /* Project object */;
}
